{
  "name": "osx-bootstrap",
  "version": "0.1.0",
  "lockfileVersion": 1,
  "requires": true,
  "dependencies": {
    "js-file-download": {
      "version": "0.4.1",
      "resolved": "https://registry.npmjs.org/js-file-download/-/js-file-download-0.4.1.tgz",
      "integrity": "sha1-3g3S1mHVY19QanO5YqtY3bZQvts="
    }
  }
}
